github.com/adan7950/assignment01IBC v1.0.0 h1:YEPQmVLRw2P1mveFsdncc+T2XZ6yaZ62t22lZ4VlUv4=
github.com/adan7950/assignment01IBC v1.0.0/go.mod h1:3kaWmdz+AsxuWr7i2C/oS89pS3keH4M5CqRQvPyjq/4=
github.com/adan7950/assignment01IBC v1.0.1 h1:WvWaFx6X7is7oru+5Tu4Bh1/jluGyRH1e/kwX3oQzNY=
github.com/adan7950/assignment01IBC v1.0.1/go.mod h1:3kaWmdz+AsxuWr7i2C/oS89pS3keH4M5CqRQvPyjq/4=
